
Microsoft Visual Studio Solution File, Format Version 12.00
# Visual Studio 15
VisualStudioVersion = 15.0.28010.2046
MinimumVisualStudioVersion = 10.0.40219.1
Project("{9A19103F-16F7-4668-BE54-9A1E7A4F7556}") = "Diffused.Crypto", "src\Diffused.Crypto\Diffused.Crypto.csproj", "{0DE1C9BD-7C96-49DD-9376-AB97735A30CD}"
EndProject
Project("{9A19103F-16F7-4668-BE54-9A1E7A4F7556}") = "Diffused.Crypto.Tests", "test\Diffused.Crypto.Tests\Diffused.Crypto.Tests.csproj", "{057F2F21-0109-44D9-9273-65ED6616AA5F}"
EndProject
Global
	GlobalSection(SolutionConfigurationPlatforms) = preSolution
		Debug|Any CPU = Debug|Any CPU
		Release|Any CPU = Release|Any CPU
	EndGlobalSection
	GlobalSection(ProjectConfigurationPlatforms) = postSolution
		{0DE1C9BD-7C96-49DD-9376-AB97735A30CD}.Debug|Any CPU.ActiveCfg = Debug|Any CPU
		{0DE1C9BD-7C96-49DD-9376-AB97735A30CD}.Debug|Any CPU.Build.0 = Debug|Any CPU
		{0DE1C9BD-7C96-49DD-9376-AB97735A30CD}.Release|Any CPU.ActiveCfg = Release|Any CPU
		{0DE1C9BD-7C96-49DD-9376-AB97735A30CD}.Release|Any CPU.Build.0 = Release|Any CPU
		{057F2F21-0109-44D9-9273-65ED6616AA5F}.Debug|Any CPU.ActiveCfg = Debug|Any CPU
		{057F2F21-0109-44D9-9273-65ED6616AA5F}.Debug|Any CPU.Build.0 = Debug|Any CPU
		{057F2F21-0109-44D9-9273-65ED6616AA5F}.Release|Any CPU.ActiveCfg = Release|Any CPU
		{057F2F21-0109-44D9-9273-65ED6616AA5F}.Release|Any CPU.Build.0 = Release|Any CPU
	EndGlobalSection
	GlobalSection(SolutionProperties) = preSolution
		HideSolutionNode = FALSE
	EndGlobalSection
	GlobalSection(ExtensibilityGlobals) = postSolution
		SolutionGuid = {3A00600A-A871-41F4-8849-5AFB072A61B2}
	EndGlobalSection
EndGlobal
